// !$*UTF8*$!
{
	archiveVersion = 1;
	classes = {
	};
	objectVersion = 46;
	objects = {

/* Begin PBXBuildFile section */
		88E56A60D25E80522E332134 /* libPods-ExchangeRates.a in Frameworks */ = {isa = PBXBuildFile; fileRef = 13C1E12045F10EA753316AB6 /* libPods-ExchangeRates.a */; };
		B646DBA61E2B0521000A5BDF /* ELDatePickerViewController.m in Sources */ = {isa = PBXBuildFile; fileRef = B646DBA51E2B0521000A5BDF /* ELDatePickerViewController.m */; };
		B646DBAC1E2B0F0A000A5BDF /* ELDatePicker.m in Sources */ = {isa = PBXBuildFile; fileRef = B646DBAB1E2B0F0A000A5BDF /* ELDatePicker.m */; };
		B6A077291E29116A0058676D /* ELBankNameView.m in Sources */ = {isa = PBXBuildFile; fileRef = B6A077271E29116A0058676D /* ELBankNameView.m */; };
		B6A0772A1E29116A0058676D /* ELBankNameView.xib in Resources */ = {isa = PBXBuildFile; fileRef = B6A077281E29116A0058676D /* ELBankNameView.xib */; };
		B6A0772E1E29119F0058676D /* ELDatePickerView.m in Sources */ = {isa = PBXBuildFile; fileRef = B6A0772C1E29119F0058676D /* ELDatePickerView.m */; };
		B6A0772F1E29119F0058676D /* ELDatePickerView.xib in Resources */ = {isa = PBXBuildFile; fileRef = B6A0772D1E29119F0058676D /* ELDatePickerView.xib */; };
		B6A077331E2911D50058676D /* ELPrivatBankTableHeaderView.m in Sources */ = {isa = PBXBuildFile; fileRef = B6A077311E2911D50058676D /* ELPrivatBankTableHeaderView.m */; };
		B6A077341E2911D50058676D /* ELPrivatBankTableHeaderView.xib in Resources */ = {isa = PBXBuildFile; fileRef = B6A077321E2911D50058676D /* ELPrivatBankTableHeaderView.xib */; };
		B6A077391E29122B0058676D /* ELNBUTableViewCell.m in Sources */ = {isa = PBXBuildFile; fileRef = B6A077371E29122B0058676D /* ELNBUTableViewCell.m */; };
		B6A0773A1E29122B0058676D /* ELNBUTableViewCell.xib in Resources */ = {isa = PBXBuildFile; fileRef = B6A077381E29122B0058676D /* ELNBUTableViewCell.xib */; };
		B6A0773E1E29126E0058676D /* ELPrivatBankTableViewCell.m in Sources */ = {isa = PBXBuildFile; fileRef = B6A0773C1E29126E0058676D /* ELPrivatBankTableViewCell.m */; };
		B6A0773F1E29126E0058676D /* ELPrivatBankTableViewCell.xib in Resources */ = {isa = PBXBuildFile; fileRef = B6A0773D1E29126E0058676D /* ELPrivatBankTableViewCell.xib */; };
		B6A077421E2912B80058676D /* ELMainCurrenciesViewController.m in Sources */ = {isa = PBXBuildFile; fileRef = B6A077411E2912B80058676D /* ELMainCurrenciesViewController.m */; };
		B6A077471E2913360058676D /* ELNBUTableViewController.m in Sources */ = {isa = PBXBuildFile; fileRef = B6A077461E2913360058676D /* ELNBUTableViewController.m */; };
		B6A0774A1E29135C0058676D /* ELPrivatBankViewController.m in Sources */ = {isa = PBXBuildFile; fileRef = B6A077491E29135C0058676D /* ELPrivatBankViewController.m */; };
		B6A077511E2913A50058676D /* ELCalculator.m in Sources */ = {isa = PBXBuildFile; fileRef = B6A0774C1E2913A50058676D /* ELCalculator.m */; };
		B6A077521E2913A50058676D /* ELTheme.m in Sources */ = {isa = PBXBuildFile; fileRef = B6A0774E1E2913A50058676D /* ELTheme.m */; };
		B6A077531E2913A50058676D /* ELUtils.m in Sources */ = {isa = PBXBuildFile; fileRef = B6A077501E2913A50058676D /* ELUtils.m */; };
		B6E0E7431E290A0B002A53F8 /* main.m in Sources */ = {isa = PBXBuildFile; fileRef = B6E0E7421E290A0B002A53F8 /* main.m */; };
		B6E0E74E1E290A0B002A53F8 /* Assets.xcassets in Resources */ = {isa = PBXBuildFile; fileRef = B6E0E74D1E290A0B002A53F8 /* Assets.xcassets */; };
		B6E0E7511E290A0B002A53F8 /* LaunchScreen.storyboard in Resources */ = {isa = PBXBuildFile; fileRef = B6E0E74F1E290A0B002A53F8 /* LaunchScreen.storyboard */; };
		B6E0E75B1E290DFE002A53F8 /* AppDelegate.m in Sources */ = {isa = PBXBuildFile; fileRef = B6E0E75A1E290DFE002A53F8 /* AppDelegate.m */; };
		B6E0E75D1E290E14002A53F8 /* ExchangeRate.xcdatamodel in Sources */ = {isa = PBXBuildFile; fileRef = B6E0E75C1E290E14002A53F8 /* ExchangeRate.xcdatamodel */; };
		B6E0E75F1E290EA2002A53F8 /* Main.storyboard in Resources */ = {isa = PBXBuildFile; fileRef = B6E0E75E1E290EA2002A53F8 /* Main.storyboard */; };
/* End PBXBuildFile section */

/* Begin PBXFileReference section */
		034FA619E00771B2AB61A8AC /* Pods-ExchangeRates.debug.xcconfig */ = {isa = PBXFileReference; includeInIndex = 1; lastKnownFileType = text.xcconfig; name = "Pods-ExchangeRates.debug.xcconfig"; path = "Pods/Target Support Files/Pods-ExchangeRates/Pods-ExchangeRates.debug.xcconfig"; sourceTree = "<group>"; };
		13C1E12045F10EA753316AB6 /* libPods-ExchangeRates.a */ = {isa = PBXFileReference; explicitFileType = archive.ar; includeInIndex = 0; path = "libPods-ExchangeRates.a"; sourceTree = BUILT_PRODUCTS_DIR; };
		B646DBA41E2B0521000A5BDF /* ELDatePickerViewController.h */ = {isa = PBXFileReference; fileEncoding = 4; lastKnownFileType = sourcecode.c.h; path = ELDatePickerViewController.h; sourceTree = "<group>"; };
		B646DBA51E2B0521000A5BDF /* ELDatePickerViewController.m */ = {isa = PBXFileReference; fileEncoding = 4; lastKnownFileType = sourcecode.c.objc; path = ELDatePickerViewController.m; sourceTree = "<group>"; };
		B646DBAA1E2B0F0A000A5BDF /* ELDatePicker.h */ = {isa = PBXFileReference; fileEncoding = 4; lastKnownFileType = sourcecode.c.h; path = ELDatePicker.h; sourceTree = "<group>"; };
		B646DBAB1E2B0F0A000A5BDF /* ELDatePicker.m */ = {isa = PBXFileReference; fileEncoding = 4; lastKnownFileType = sourcecode.c.objc; path = ELDatePicker.m; sourceTree = "<group>"; };
		B6A077261E29116A0058676D /* ELBankNameView.h */ = {isa = PBXFileReference; fileEncoding = 4; lastKnownFileType = sourcecode.c.h; path = ELBankNameView.h; sourceTree = "<group>"; };
		B6A077271E29116A0058676D /* ELBankNameView.m */ = {isa = PBXFileReference; fileEncoding = 4; lastKnownFileType = sourcecode.c.objc; path = ELBankNameView.m; sourceTree = "<group>"; };
		B6A077281E29116A0058676D /* ELBankNameView.xib */ = {isa = PBXFileReference; fileEncoding = 4; lastKnownFileType = file.xib; path = ELBankNameView.xib; sourceTree = "<group>"; };
		B6A0772B1E29119F0058676D /* ELDatePickerView.h */ = {isa = PBXFileReference; fileEncoding = 4; lastKnownFileType = sourcecode.c.h; path = ELDatePickerView.h; sourceTree = "<group>"; };
		B6A0772C1E29119F0058676D /* ELDatePickerView.m */ = {isa = PBXFileReference; fileEncoding = 4; lastKnownFileType = sourcecode.c.objc; path = ELDatePickerView.m; sourceTree = "<group>"; };
		B6A0772D1E29119F0058676D /* ELDatePickerView.xib */ = {isa = PBXFileReference; fileEncoding = 4; lastKnownFileType = file.xib; path = ELDatePickerView.xib; sourceTree = "<group>"; };
		B6A077301E2911D50058676D /* ELPrivatBankTableHeaderView.h */ = {isa = PBXFileReference; fileEncoding = 4; lastKnownFileType = sourcecode.c.h; path = ELPrivatBankTableHeaderView.h; sourceTree = "<group>"; };
		B6A077311E2911D50058676D /* ELPrivatBankTableHeaderView.m */ = {isa = PBXFileReference; fileEncoding = 4; lastKnownFileType = sourcecode.c.objc; path = ELPrivatBankTableHeaderView.m; sourceTree = "<group>"; };
		B6A077321E2911D50058676D /* ELPrivatBankTableHeaderView.xib */ = {isa = PBXFileReference; fileEncoding = 4; lastKnownFileType = file.xib; path = ELPrivatBankTableHeaderView.xib; sourceTree = "<group>"; };
		B6A077361E29122B0058676D /* ELNBUTableViewCell.h */ = {isa = PBXFileReference; fileEncoding = 4; lastKnownFileType = sourcecode.c.h; path = ELNBUTableViewCell.h; sourceTree = "<group>"; };
		B6A077371E29122B0058676D /* ELNBUTableViewCell.m */ = {isa = PBXFileReference; fileEncoding = 4; lastKnownFileType = sourcecode.c.objc; path = ELNBUTableViewCell.m; sourceTree = "<group>"; };
		B6A077381E29122B0058676D /* ELNBUTableViewCell.xib */ = {isa = PBXFileReference; fileEncoding = 4; lastKnownFileType = file.xib; path = ELNBUTableViewCell.xib; sourceTree = "<group>"; };
		B6A0773B1E29126E0058676D /* ELPrivatBankTableViewCell.h */ = {isa = PBXFileReference; fileEncoding = 4; lastKnownFileType = sourcecode.c.h; path = ELPrivatBankTableViewCell.h; sourceTree = "<group>"; };
		B6A0773C1E29126E0058676D /* ELPrivatBankTableViewCell.m */ = {isa = PBXFileReference; fileEncoding = 4; lastKnownFileType = sourcecode.c.objc; path = ELPrivatBankTableViewCell.m; sourceTree = "<group>"; };
		B6A0773D1E29126E0058676D /* ELPrivatBankTableViewCell.xib */ = {isa = PBXFileReference; fileEncoding = 4; lastKnownFileType = file.xib; path = ELPrivatBankTableViewCell.xib; sourceTree = "<group>"; };
		B6A077401E2912B80058676D /* ELMainCurrenciesViewController.h */ = {isa = PBXFileReference; fileEncoding = 4; lastKnownFileType = sourcecode.c.h; name = ELMainCurrenciesViewController.h; path = ../ELMainCurrenciesViewController.h; sourceTree = "<group>"; };
		B6A077411E2912B80058676D /* ELMainCurrenciesViewController.m */ = {isa = PBXFileReference; fileEncoding = 4; lastKnownFileType = sourcecode.c.objc; name = ELMainCurrenciesViewController.m; path = ../ELMainCurrenciesViewController.m; sourceTree = "<group>"; };
		B6A077451E2913360058676D /* ELNBUTableViewController.h */ = {isa = PBXFileReference; fileEncoding = 4; lastKnownFileType = sourcecode.c.h; path = ELNBUTableViewController.h; sourceTree = "<group>"; };
		B6A077461E2913360058676D /* ELNBUTableViewController.m */ = {isa = PBXFileReference; fileEncoding = 4; lastKnownFileType = sourcecode.c.objc; path = ELNBUTableViewController.m; sourceTree = "<group>"; };
		B6A077481E29135C0058676D /* ELPrivatBankViewController.h */ = {isa = PBXFileReference; fileEncoding = 4; lastKnownFileType = sourcecode.c.h; path = ELPrivatBankViewController.h; sourceTree = "<group>"; };
		B6A077491E29135C0058676D /* ELPrivatBankViewController.m */ = {isa = PBXFileReference; fileEncoding = 4; lastKnownFileType = sourcecode.c.objc; path = ELPrivatBankViewController.m; sourceTree = "<group>"; };
		B6A0774B1E2913A50058676D /* ELCalculator.h */ = {isa = PBXFileReference; fileEncoding = 4; lastKnownFileType = sourcecode.c.h; path = ELCalculator.h; sourceTree = "<group>"; };
		B6A0774C1E2913A50058676D /* ELCalculator.m */ = {isa = PBXFileReference; fileEncoding = 4; lastKnownFileType = sourcecode.c.objc; path = ELCalculator.m; sourceTree = "<group>"; };
		B6A0774D1E2913A50058676D /* ELTheme.h */ = {isa = PBXFileReference; fileEncoding = 4; lastKnownFileType = sourcecode.c.h; path = ELTheme.h; sourceTree = "<group>"; };
		B6A0774E1E2913A50058676D /* ELTheme.m */ = {isa = PBXFileReference; fileEncoding = 4; lastKnownFileType = sourcecode.c.objc; path = ELTheme.m; sourceTree = "<group>"; };
		B6A0774F1E2913A50058676D /* ELUtils.h */ = {isa = PBXFileReference; fileEncoding = 4; lastKnownFileType = sourcecode.c.h; path = ELUtils.h; sourceTree = "<group>"; };
		B6A077501E2913A50058676D /* ELUtils.m */ = {isa = PBXFileReference; fileEncoding = 4; lastKnownFileType = sourcecode.c.objc; path = ELUtils.m; sourceTree = "<group>"; };
		B6E0E73E1E290A0B002A53F8 /* ExchangeRates.app */ = {isa = PBXFileReference; explicitFileType = wrapper.application; includeInIndex = 0; path = ExchangeRates.app; sourceTree = BUILT_PRODUCTS_DIR; };
		B6E0E7421E290A0B002A53F8 /* main.m */ = {isa = PBXFileReference; lastKnownFileType = sourcecode.c.objc; path = main.m; sourceTree = "<group>"; };
		B6E0E74D1E290A0B002A53F8 /* Assets.xcassets */ = {isa = PBXFileReference; lastKnownFileType = folder.assetcatalog; path = Assets.xcassets; sourceTree = "<group>"; };
		B6E0E7501E290A0B002A53F8 /* Base */ = {isa = PBXFileReference; lastKnownFileType = file.storyboard; name = Base; path = Base.lproj/LaunchScreen.storyboard; sourceTree = "<group>"; };
		B6E0E7521E290A0B002A53F8 /* Info.plist */ = {isa = PBXFileReference; lastKnownFileType = text.plist.xml; path = Info.plist; sourceTree = "<group>"; };
		B6E0E7581E290CCA002A53F8 /* ExchangeRate-Prefix.pch */ = {isa = PBXFileReference; fileEncoding = 4; lastKnownFileType = sourcecode.c.h; path = "ExchangeRate-Prefix.pch"; sourceTree = "<group>"; };
		B6E0E7591E290DFE002A53F8 /* AppDelegate.h */ = {isa = PBXFileReference; fileEncoding = 4; lastKnownFileType = sourcecode.c.h; path = AppDelegate.h; sourceTree = "<group>"; };
		B6E0E75A1E290DFE002A53F8 /* AppDelegate.m */ = {isa = PBXFileReference; fileEncoding = 4; lastKnownFileType = sourcecode.c.objc; path = AppDelegate.m; sourceTree = "<group>"; };
		B6E0E75C1E290E14002A53F8 /* ExchangeRate.xcdatamodel */ = {isa = PBXFileReference; lastKnownFileType = wrapper.xcdatamodel; path = ExchangeRate.xcdatamodel; sourceTree = "<group>"; };
		B6E0E75E1E290EA2002A53F8 /* Main.storyboard */ = {isa = PBXFileReference; fileEncoding = 4; lastKnownFileType = file.storyboard; path = Main.storyboard; sourceTree = "<group>"; };
		DBBA371DA1D756DC7774957D /* Pods-ExchangeRates.release.xcconfig */ = {isa = PBXFileReference; includeInIndex = 1; lastKnownFileType = text.xcconfig; name = "Pods-ExchangeRates.release.xcconfig"; path = "Pods/Target Support Files/Pods-ExchangeRates/Pods-ExchangeRates.release.xcconfig"; sourceTree = "<group>"; };
/* End PBXFileReference section */

/* Begin PBXFrameworksBuildPhase section */
		B6E0E73B1E290A0B002A53F8 /* Frameworks */ = {
			isa = PBXFrameworksBuildPhase;
			buildActionMask = 2147483647;
			files = (
				88E56A60D25E80522E332134 /* libPods-ExchangeRates.a in Frameworks */,
			);
			runOnlyForDeploymentPostprocessing = 0;
		};
/* End PBXFrameworksBuildPhase section */

/* Begin PBXGroup section */
		2FE8BC059B88EEBDEB4CFC4D /* Frameworks */ = {
			isa = PBXGroup;
			children = (
				13C1E12045F10EA753316AB6 /* libPods-ExchangeRates.a */,
			);
			name = Frameworks;
			sourceTree = "<group>";
		};
		B6A077351E2912080058676D /* Views */ = {
			isa = PBXGroup;
			children = (
				B6A077261E29116A0058676D /* ELBankNameView.h */,
				B6A077271E29116A0058676D /* ELBankNameView.m */,
				B6A077281E29116A0058676D /* ELBankNameView.xib */,
				B6A0772B1E29119F0058676D /* ELDatePickerView.h */,
				B6A0772C1E29119F0058676D /* ELDatePickerView.m */,
				B6A0772D1E29119F0058676D /* ELDatePickerView.xib */,
				B6A077301E2911D50058676D /* ELPrivatBankTableHeaderView.h */,
				B6A077311E2911D50058676D /* ELPrivatBankTableHeaderView.m */,
				B6A077321E2911D50058676D /* ELPrivatBankTableHeaderView.xib */,
			);
			name = Views;
			sourceTree = "<group>";
		};
		B6A077431E2912E00058676D /* Cells */ = {
			isa = PBXGroup;
			children = (
				B6A077361E29122B0058676D /* ELNBUTableViewCell.h */,
				B6A077371E29122B0058676D /* ELNBUTableViewCell.m */,
				B6A077381E29122B0058676D /* ELNBUTableViewCell.xib */,
				B6A0773B1E29126E0058676D /* ELPrivatBankTableViewCell.h */,
				B6A0773C1E29126E0058676D /* ELPrivatBankTableViewCell.m */,
				B6A0773D1E29126E0058676D /* ELPrivatBankTableViewCell.xib */,
			);
			name = Cells;
			sourceTree = "<group>";
		};
		B6A077441E2912FB0058676D /* Universal view controllers */ = {
			isa = PBXGroup;
			children = (
				B6A077451E2913360058676D /* ELNBUTableViewController.h */,
				B6A077461E2913360058676D /* ELNBUTableViewController.m */,
				B6A077481E29135C0058676D /* ELPrivatBankViewController.h */,
				B6A077491E29135C0058676D /* ELPrivatBankViewController.m */,
			);
			name = "Universal view controllers";
			sourceTree = "<group>";
		};
		B6E0E7351E290A0A002A53F8 = {
			isa = PBXGroup;
			children = (
				B6E0E7401E290A0B002A53F8 /* ExchangeRates */,
				B6E0E73F1E290A0B002A53F8 /* Products */,
				CD957823736F2AD3F1009BE2 /* Pods */,
				2FE8BC059B88EEBDEB4CFC4D /* Frameworks */,
			);
			sourceTree = "<group>";
		};
		B6E0E73F1E290A0B002A53F8 /* Products */ = {
			isa = PBXGroup;
			children = (
				B6E0E73E1E290A0B002A53F8 /* ExchangeRates.app */,
			);
			name = Products;
			sourceTree = "<group>";
		};
		B6E0E7401E290A0B002A53F8 /* ExchangeRates */ = {
			isa = PBXGroup;
			children = (
				B6EB34C51E2C402F00A389E2 /* Handlers */,
				B6A077401E2912B80058676D /* ELMainCurrenciesViewController.h */,
				B6A077411E2912B80058676D /* ELMainCurrenciesViewController.m */,
				B646DBA41E2B0521000A5BDF /* ELDatePickerViewController.h */,
				B646DBA51E2B0521000A5BDF /* ELDatePickerViewController.m */,
				B646DBAA1E2B0F0A000A5BDF /* ELDatePicker.h */,
				B646DBAB1E2B0F0A000A5BDF /* ELDatePicker.m */,
				B6A077441E2912FB0058676D /* Universal view controllers */,
				B6A077431E2912E00058676D /* Cells */,
				B6A077351E2912080058676D /* Views */,
				B6E0E75E1E290EA2002A53F8 /* Main.storyboard */,
				B6E0E74F1E290A0B002A53F8 /* LaunchScreen.storyboard */,
				B6E0E7411E290A0B002A53F8 /* Supporting Files */,
			);
			path = ExchangeRates;
			sourceTree = "<group>";
		};
		B6E0E7411E290A0B002A53F8 /* Supporting Files */ = {
			isa = PBXGroup;
			children = (
				B6E0E7581E290CCA002A53F8 /* ExchangeRate-Prefix.pch */,
				B6E0E7521E290A0B002A53F8 /* Info.plist */,
				B6E0E74D1E290A0B002A53F8 /* Assets.xcassets */,
				B6E0E75C1E290E14002A53F8 /* ExchangeRate.xcdatamodel */,
				B6E0E7591E290DFE002A53F8 /* AppDelegate.h */,
				B6E0E75A1E290DFE002A53F8 /* AppDelegate.m */,
				B6E0E7421E290A0B002A53F8 /* main.m */,
			);
			name = "Supporting Files";
			sourceTree = "<group>";
		};
		B6EB34C51E2C402F00A389E2 /* Handlers */ = {
			isa = PBXGroup;
			children = (
				B6A0774B1E2913A50058676D /* ELCalculator.h */,
				B6A0774C1E2913A50058676D /* ELCalculator.m */,
				B6A0774D1E2913A50058676D /* ELTheme.h */,
				B6A0774E1E2913A50058676D /* ELTheme.m */,
				B6A0774F1E2913A50058676D /* ELUtils.h */,
				B6A077501E2913A50058676D /* ELUtils.m */,
			);
			name = Handlers;
			sourceTree = "<group>";
		};
		CD957823736F2AD3F1009BE2 /* Pods */ = {
			isa = PBXGroup;
			children = (
				034FA619E00771B2AB61A8AC /* Pods-ExchangeRates.debug.xcconfig */,
				DBBA371DA1D756DC7774957D /* Pods-ExchangeRates.release.xcconfig */,
			);
			name = Pods;
			sourceTree = "<group>";
		};
/* End PBXGroup section */

/* Begin PBXNativeTarget section */
		B6E0E73D1E290A0B002A53F8 /* ExchangeRates */ = {
			isa = PBXNativeTarget;
			buildConfigurationList = B6E0E7551E290A0B002A53F8 /* Build configuration list for PBXNativeTarget "ExchangeRates" */;
			buildPhases = (
				F04CFC903EF08A81531F02B0 /* [CP] Check Pods Manifest.lock */,
				B6E0E73A1E290A0B002A53F8 /* Sources */,
				B6E0E73B1E290A0B002A53F8 /* Frameworks */,
				B6E0E73C1E290A0B002A53F8 /* Resources */,
				AC8AEACFE12ED10A7A44A442 /* [CP] Embed Pods Frameworks */,
				2A01E83F110D1B2ADA75A10C /* [CP] Copy Pods Resources */,
			);
			buildRules = (
			);
			dependencies = (
			);
			name = ExchangeRates;
			productName = ExchangeRates;
			productReference = B6E0E73E1E290A0B002A53F8 /* ExchangeRates.app */;
			productType = "com.apple.product-type.application";
		};
/* End PBXNativeTarget section */

/* Begin PBXProject section */
		B6E0E7361E290A0A002A53F8 /* Project object */ = {
			isa = PBXProject;
			attributes = {
				LastUpgradeCheck = 0820;
				ORGANIZATIONNAME = "Lytvynenko Yevhenii";
				TargetAttributes = {
					B6E0E73D1E290A0B002A53F8 = {
						CreatedOnToolsVersion = 8.2.1;
						DevelopmentTeam = 6KXXQR856C;
						ProvisioningStyle = Automatic;
					};
				};
			};
			buildConfigurationList = B6E0E7391E290A0A002A53F8 /* Build configuration list for PBXProject "ExchangeRates" */;
			compatibilityVersion = "Xcode 3.2";
			developmentRegion = English;
			hasScannedForEncodings = 0;
			knownRegions = (
				en,
				Base,
			);
			mainGroup = B6E0E7351E290A0A002A53F8;
			productRefGroup = B6E0E73F1E290A0B002A53F8 /* Products */;
			projectDirPath = "";
			projectRoot = "";
			targets = (
				B6E0E73D1E290A0B002A53F8 /* ExchangeRates */,
			);
		};
/* End PBXProject section */

/* Begin PBXResourcesBuildPhase section */
		B6E0E73C1E290A0B002A53F8 /* Resources */ = {
			isa = PBXResourcesBuildPhase;
			buildActionMask = 2147483647;
			files = (
				B6A0772A1E29116A0058676D /* ELBankNameView.xib in Resources */,
				B6A077341E2911D50058676D /* ELPrivatBankTableHeaderView.xib in Resources */,
				B6E0E75F1E290EA2002A53F8 /* Main.storyboard in Resources */,
				B6E0E7511E290A0B002A53F8 /* LaunchScreen.storyboard in Resources */,
				B6A0773F1E29126E0058676D /* ELPrivatBankTableViewCell.xib in Resources */,
				B6E0E74E1E290A0B002A53F8 /* Assets.xcassets in Resources */,
				B6A0772F1E29119F0058676D /* ELDatePickerView.xib in Resources */,
				B6A0773A1E29122B0058676D /* ELNBUTableViewCell.xib in Resources */,
			);
			runOnlyForDeploymentPostprocessing = 0;
		};
/* End PBXResourcesBuildPhase section */

/* Begin PBXShellScriptBuildPhase section */
		2A01E83F110D1B2ADA75A10C /* [CP] Copy Pods Resources */ = {
			isa = PBXShellScriptBuildPhase;
			buildActionMask = 2147483647;
			files = (
			);
			inputPaths = (
			);
			name = "[CP] Copy Pods Resources";
			outputPaths = (
			);
			runOnlyForDeploymentPostprocessing = 0;
			shellPath = /bin/sh;
			shellScript = "\"${SRCROOT}/Pods/Target Support Files/Pods-ExchangeRates/Pods-ExchangeRates-resources.sh\"\n";
			showEnvVarsInLog = 0;
		};
		AC8AEACFE12ED10A7A44A442 /* [CP] Embed Pods Frameworks */ = {
			isa = PBXShellScriptBuildPhase;
			buildActionMask = 2147483647;
			files = (
			);
			inputPaths = (
			);
			name = "[CP] Embed Pods Frameworks";
			outputPaths = (
			);
			runOnlyForDeploymentPostprocessing = 0;
			shellPath = /bin/sh;
			shellScript = "\"${SRCROOT}/Pods/Target Support Files/Pods-ExchangeRates/Pods-ExchangeRates-frameworks.sh\"\n";
			showEnvVarsInLog = 0;
		};
		F04CFC903EF08A81531F02B0 /* [CP] Check Pods Manifest.lock */ = {
			isa = PBXShellScriptBuildPhase;
			buildActionMask = 2147483647;
			files = (
			);
			inputPaths = (
			);
			name = "[CP] Check Pods Manifest.lock";
			outputPaths = (
			);
			runOnlyForDeploymentPostprocessing = 0;
			shellPath = /bin/sh;
			shellScript = "diff \"${PODS_ROOT}/../Podfile.lock\" \"${PODS_ROOT}/Manifest.lock\" > /dev/null\nif [[ $? != 0 ]] ; then\n    cat << EOM\nerror: The sandbox is not in sync with the Podfile.lock. Run 'pod install' or update your CocoaPods installation.\nEOM\n    exit 1\nfi\n";
			showEnvVarsInLog = 0;
		};
/* End PBXShellScriptBuildPhase section */

/* Begin PBXSourcesBuildPhase section */
		B6E0E73A1E290A0B002A53F8 /* Sources */ = {
			isa = PBXSourcesBuildPhase;
			buildActionMask = 2147483647;
			files = (
				B6A077531E2913A50058676D /* ELUtils.m in Sources */,
				B6A077511E2913A50058676D /* ELCalculator.m in Sources */,
				B6A077291E29116A0058676D /* ELBankNameView.m in Sources */,
				B6A077331E2911D50058676D /* ELPrivatBankTableHeaderView.m in Sources */,
				B6A0772E1E29119F0058676D /* ELDatePickerView.m in Sources */,
				B6A077521E2913A50058676D /* ELTheme.m in Sources */,
				B646DBAC1E2B0F0A000A5BDF /* ELDatePicker.m in Sources */,
				B6A077391E29122B0058676D /* ELNBUTableViewCell.m in Sources */,
				B6A0773E1E29126E0058676D /* ELPrivatBankTableViewCell.m in Sources */,
				B6E0E75B1E290DFE002A53F8 /* AppDelegate.m in Sources */,
				B6E0E75D1E290E14002A53F8 /* ExchangeRate.xcdatamodel in Sources */,
				B6A077421E2912B80058676D /* ELMainCurrenciesViewController.m in Sources */,
				B646DBA61E2B0521000A5BDF /* ELDatePickerViewController.m in Sources */,
				B6A0774A1E29135C0058676D /* ELPrivatBankViewController.m in Sources */,
				B6A077471E2913360058676D /* ELNBUTableViewController.m in Sources */,
				B6E0E7431E290A0B002A53F8 /* main.m in Sources */,
			);
			runOnlyForDeploymentPostprocessing = 0;
		};
/* End PBXSourcesBuildPhase section */

/* Begin PBXVariantGroup section */
		B6E0E74F1E290A0B002A53F8 /* LaunchScreen.storyboard */ = {
			isa = PBXVariantGroup;
			children = (
				B6E0E7501E290A0B002A53F8 /* Base */,
			);
			name = LaunchScreen.storyboard;
			sourceTree = "<group>";
		};
/* End PBXVariantGroup section */

/* Begin XCBuildConfiguration section */
		B6E0E7531E290A0B002A53F8 /* Debug */ = {
			isa = XCBuildConfiguration;
			buildSettings = {
				ALWAYS_SEARCH_USER_PATHS = NO;
				CLANG_ANALYZER_NONNULL = YES;
				CLANG_CXX_LANGUAGE_STANDARD = "gnu++0x";
				CLANG_CXX_LIBRARY = "libc++";
				CLANG_ENABLE_MODULES = YES;
				CLANG_ENABLE_OBJC_ARC = YES;
				CLANG_WARN_BOOL_CONVERSION = YES;
				CLANG_WARN_CONSTANT_CONVERSION = YES;
				CLANG_WARN_DIRECT_OBJC_ISA_USAGE = YES_ERROR;
				CLANG_WARN_DOCUMENTATION_COMMENTS = YES;
				CLANG_WARN_EMPTY_BODY = YES;
				CLANG_WARN_ENUM_CONVERSION = YES;
				CLANG_WARN_INFINITE_RECURSION = YES;
				CLANG_WARN_INT_CONVERSION = YES;
				CLANG_WARN_OBJC_ROOT_CLASS = YES_ERROR;
				CLANG_WARN_SUSPICIOUS_MOVE = YES;
				CLANG_WARN_UNREACHABLE_CODE = YES;
				CLANG_WARN__DUPLICATE_METHOD_MATCH = YES;
				"CODE_SIGN_IDENTITY[sdk=iphoneos*]" = "iPhone Developer";
				COPY_PHASE_STRIP = NO;
				DEBUG_INFORMATION_FORMAT = dwarf;
				ENABLE_STRICT_OBJC_MSGSEND = YES;
				ENABLE_TESTABILITY = YES;
				GCC_C_LANGUAGE_STANDARD = gnu99;
				GCC_DYNAMIC_NO_PIC = NO;
				GCC_NO_COMMON_BLOCKS = YES;
				GCC_OPTIMIZATION_LEVEL = 0;
				GCC_PREPROCESSOR_DEFINITIONS = (
					"DEBUG=1",
					"$(inherited)",
				);
				GCC_WARN_64_TO_32_BIT_CONVERSION = YES;
				GCC_WARN_ABOUT_RETURN_TYPE = YES_ERROR;
				GCC_WARN_UNDECLARED_SELECTOR = YES;
				GCC_WARN_UNINITIALIZED_AUTOS = YES_AGGRESSIVE;
				GCC_WARN_UNUSED_FUNCTION = YES;
				GCC_WARN_UNUSED_VARIABLE = YES;
				IPHONEOS_DEPLOYMENT_TARGET = 10.2;
				MTL_ENABLE_DEBUG_INFO = YES;
				ONLY_ACTIVE_ARCH = YES;
				SDKROOT = iphoneos;
				TARGETED_DEVICE_FAMILY = "1,2";
			};
			name = Debug;
		};
		B6E0E7541E290A0B002A53F8 /* Release */ = {
			isa = XCBuildConfiguration;
			buildSettings = {
				ALWAYS_SEARCH_USER_PATHS = NO;
				CLANG_ANALYZER_NONNULL = YES;
				CLANG_CXX_LANGUAGE_STANDARD = "gnu++0x";
				CLANG_CXX_LIBRARY = "libc++";
				CLANG_ENABLE_MODULES = YES;
				CLANG_ENABLE_OBJC_ARC = YES;
				CLANG_WARN_BOOL_CONVERSION = YES;
				CLANG_WARN_CONSTANT_CONVERSION = YES;
				CLANG_WARN_DIRECT_OBJC_ISA_USAGE = YES_ERROR;
				CLANG_WARN_DOCUMENTATION_COMMENTS = YES;
				CLANG_WARN_EMPTY_BODY = YES;
				CLANG_WARN_ENUM_CONVERSION = YES;
				CLANG_WARN_INFINITE_RECURSION = YES;
				CLANG_WARN_INT_CONVERSION = YES;
				CLANG_WARN_OBJC_ROOT_CLASS = YES_ERROR;
				CLANG_WARN_SUSPICIOUS_MOVE = YES;
				CLANG_WARN_UNREACHABLE_CODE = YES;
				CLANG_WARN__DUPLICATE_METHOD_MATCH = YES;
				"CODE_SIGN_IDENTITY[sdk=iphoneos*]" = "iPhone Developer";
				COPY_PHASE_STRIP = NO;
				DEBUG_INFORMATION_FORMAT = "dwarf-with-dsym";
				ENABLE_NS_ASSERTIONS = NO;
				ENABLE_STRICT_OBJC_MSGSEND = YES;
				GCC_C_LANGUAGE_STANDARD = gnu99;
				GCC_NO_COMMON_BLOCKS = YES;
				GCC_WARN_64_TO_32_BIT_CONVERSION = YES;
				GCC_WARN_ABOUT_RETURN_TYPE = YES_ERROR;
				GCC_WARN_UNDECLARED_SELECTOR = YES;
				GCC_WARN_UNINITIALIZED_AUTOS = YES_AGGRESSIVE;
				GCC_WARN_UNUSED_FUNCTION = YES;
				GCC_WARN_UNUSED_VARIABLE = YES;
				IPHONEOS_DEPLOYMENT_TARGET = 10.2;
				MTL_ENABLE_DEBUG_INFO = NO;
				SDKROOT = iphoneos;
				TARGETED_DEVICE_FAMILY = "1,2";
				VALIDATE_PRODUCT = YES;
			};
			name = Release;
		};
		B6E0E7561E290A0B002A53F8 /* Debug */ = {
			isa = XCBuildConfiguration;
			baseConfigurationReference = 034FA619E00771B2AB61A8AC /* Pods-ExchangeRates.debug.xcconfig */;
			buildSettings = {
				ASSETCATALOG_COMPILER_APPICON_NAME = AppIcon;
				DEVELOPMENT_TEAM = 6KXXQR856C;
				GCC_PRECOMPILE_PREFIX_HEADER = YES;
				GCC_PREFIX_HEADER = "$(SRCROOT)/$(PROJECT_NAME)/ExchangeRate-Prefix.pch";
				INFOPLIST_FILE = ExchangeRates/Info.plist;
				IPHONEOS_DEPLOYMENT_TARGET = 9.0;
				LD_RUNPATH_SEARCH_PATHS = "$(inherited) @executable_path/Frameworks";
				PRODUCT_BUNDLE_IDENTIFIER = EL.ExchangeRates;
				PRODUCT_NAME = "$(TARGET_NAME)";
				TARGETED_DEVICE_FAMILY = 1;
			};
			name = Debug;
		};
		B6E0E7571E290A0B002A53F8 /* Release */ = {
			isa = XCBuildConfiguration;
			baseConfigurationReference = DBBA371DA1D756DC7774957D /* Pods-ExchangeRates.release.xcconfig */;
			buildSettings = {
				ASSETCATALOG_COMPILER_APPICON_NAME = AppIcon;
				DEVELOPMENT_TEAM = 6KXXQR856C;
				GCC_PRECOMPILE_PREFIX_HEADER = YES;
				GCC_PREFIX_HEADER = "$(SRCROOT)/$(PROJECT_NAME)/ExchangeRate-Prefix.pch";
				INFOPLIST_FILE = ExchangeRates/Info.plist;
				IPHONEOS_DEPLOYMENT_TARGET = 9.0;
				LD_RUNPATH_SEARCH_PATHS = "$(inherited) @executable_path/Frameworks";
				PRODUCT_BUNDLE_IDENTIFIER = EL.ExchangeRates;
				PRODUCT_NAME = "$(TARGET_NAME)";
				TARGETED_DEVICE_FAMILY = 1;
			};
			name = Release;
		};
/* End XCBuildConfiguration section */

/* Begin XCConfigurationList section */
		B6E0E7391E290A0A002A53F8 /* Build configuration list for PBXProject "ExchangeRates" */ = {
			isa = XCConfigurationList;
			buildConfigurations = (
				B6E0E7531E290A0B002A53F8 /* Debug */,
				B6E0E7541E290A0B002A53F8 /* Release */,
			);
			defaultConfigurationIsVisible = 0;
			defaultConfigurationName = Release;
		};
		B6E0E7551E290A0B002A53F8 /* Build configuration list for PBXNativeTarget "ExchangeRates" */ = {
			isa = XCConfigurationList;
			buildConfigurations = (
				B6E0E7561E290A0B002A53F8 /* Debug */,
				B6E0E7571E290A0B002A53F8 /* Release */,
			);
			defaultConfigurationIsVisible = 0;
			defaultConfigurationName = Release;
		};
/* End XCConfigurationList section */
	};
	rootObject = B6E0E7361E290A0A002A53F8 /* Project object */;
}
